// !$*UTF8*$!
{
	archiveVersion = 1;
	classes = {
	};
	objectVersion = 56;
	objects = {

/* Begin PBXBuildFile section */
		AA000000000000000000C001 /* macOS_AuthenticatorApp.swift in Sources */ = {isa = PBXBuildFile; fileRef = AA000000000000000000B004 /* macOS_AuthenticatorApp.swift */; };
		AA000000000000000000C002 /* AppState.swift in Sources */ = {isa = PBXBuildFile; fileRef = AA000000000000000000B005 /* AppState.swift */; };
		AA000000000000000000C003 /* TOTPEntry.swift in Sources */ = {isa = PBXBuildFile; fileRef = AA000000000000000000B006 /* TOTPEntry.swift */; };
		AA000000000000000000C004 /* TOTPEngine.swift in Sources */ = {isa = PBXBuildFile; fileRef = AA000000000000000000B007 /* TOTPEngine.swift */; };
		AA000000000000000000C005 /* Base32Decoder.swift in Sources */ = {isa = PBXBuildFile; fileRef = AA000000000000000000B008 /* Base32Decoder.swift */; };
		AA000000000000000000C006 /* AESCryptoManager.swift in Sources */ = {isa = PBXBuildFile; fileRef = AA000000000000000000B009 /* AESCryptoManager.swift */; };
		AA000000000000000000C007 /* KeychainManager.swift in Sources */ = {isa = PBXBuildFile; fileRef = AA000000000000000000B010 /* KeychainManager.swift */; };
		AA000000000000000000C008 /* DatabaseManager.swift in Sources */ = {isa = PBXBuildFile; fileRef = AA000000000000000000B011 /* DatabaseManager.swift */; };
		AA000000000000000000C009 /* ContentView.swift in Sources */ = {isa = PBXBuildFile; fileRef = AA000000000000000000B012 /* ContentView.swift */; };
		AA000000000000000000C010 /* MasterPasswordView.swift in Sources */ = {isa = PBXBuildFile; fileRef = AA000000000000000000B013 /* MasterPasswordView.swift */; };
		AA000000000000000000C011 /* TOTPListView.swift in Sources */ = {isa = PBXBuildFile; fileRef = AA000000000000000000B014 /* TOTPListView.swift */; };
		AA000000000000000000C012 /* TOTPRowView.swift in Sources */ = {isa = PBXBuildFile; fileRef = AA000000000000000000B015 /* TOTPRowView.swift */; };
		AA000000000000000000C013 /* AddEntryView.swift in Sources */ = {isa = PBXBuildFile; fileRef = AA000000000000000000B016 /* AddEntryView.swift */; };
		AA000000000000000000C014 /* EditEntryView.swift in Sources */ = {isa = PBXBuildFile; fileRef = AA000000000000000000B017 /* EditEntryView.swift */; };
		AA000000000000000000C015 /* SettingsView.swift in Sources */ = {isa = PBXBuildFile; fileRef = AA000000000000000000B018 /* SettingsView.swift */; };
		AA000000000000000000C016 /* ExportImportView.swift in Sources */ = {isa = PBXBuildFile; fileRef = AA000000000000000000B019 /* ExportImportView.swift */; };
		AA000000000000000000C017 /* Assets.xcassets in Resources */ = {isa = PBXBuildFile; fileRef = AA000000000000000000B003 /* Assets.xcassets */; };
		AA000000000000000000C018 /* Security.framework in Frameworks */ = {isa = PBXBuildFile; fileRef = AA000000000000000000B030 /* Security.framework */; };
		AA000000000000000000D001 /* TOTPEngineTests.swift in Sources */ = {isa = PBXBuildFile; fileRef = AA000000000000000000B020 /* TOTPEngineTests.swift */; };
		AA000000000000000000D002 /* AESCryptoTests.swift in Sources */ = {isa = PBXBuildFile; fileRef = AA000000000000000000B021 /* AESCryptoTests.swift */; };
		AA000000000000000000D003 /* MasterKeyChangeTests.swift in Sources */ = {isa = PBXBuildFile; fileRef = AA000000000000000000B022 /* MasterKeyChangeTests.swift */; };
/* End PBXBuildFile section */

/* Begin PBXContainerItemProxy section */
		AA000000000000000000A060 /* PBXContainerItemProxy */ = {
			isa = PBXContainerItemProxy;
			containerPortal = AA000000000000000000A001 /* Project object */;
			proxyType = 1;
			remoteGlobalIDString = AA000000000000000000A020;
			remoteInfo = "macOS-Authenticator";
		};
/* End PBXContainerItemProxy section */

/* Begin PBXFileReference section */
		AA000000000000000000A030 /* macOS-Authenticator.app */ = {isa = PBXFileReference; explicitFileType = wrapper.application; includeInIndex = 0; path = "macOS-Authenticator.app"; sourceTree = BUILT_PRODUCTS_DIR; };
		AA000000000000000000A031 /* macOS-AuthenticatorTests.xctest */ = {isa = PBXFileReference; explicitFileType = wrapper.cfbundle; includeInIndex = 0; path = "macOS-AuthenticatorTests.xctest"; sourceTree = BUILT_PRODUCTS_DIR; };
		AA000000000000000000B001 /* Info.plist */ = {isa = PBXFileReference; lastKnownFileType = text.plist.xml; path = Info.plist; sourceTree = "<group>"; };
		AA000000000000000000B002 /* macOS-Authenticator.entitlements */ = {isa = PBXFileReference; lastKnownFileType = text.plist.entitlements; path = "macOS-Authenticator.entitlements"; sourceTree = "<group>"; };
		AA000000000000000000B003 /* Assets.xcassets */ = {isa = PBXFileReference; lastKnownFileType = folder.assetcatalog; path = Assets.xcassets; sourceTree = "<group>"; };
		AA000000000000000000B004 /* macOS_AuthenticatorApp.swift */ = {isa = PBXFileReference; lastKnownFileType = sourcecode.swift; path = macOS_AuthenticatorApp.swift; sourceTree = "<group>"; };
		AA000000000000000000B005 /* AppState.swift */ = {isa = PBXFileReference; lastKnownFileType = sourcecode.swift; path = AppState.swift; sourceTree = "<group>"; };
		AA000000000000000000B006 /* TOTPEntry.swift */ = {isa = PBXFileReference; lastKnownFileType = sourcecode.swift; path = TOTPEntry.swift; sourceTree = "<group>"; };
		AA000000000000000000B007 /* TOTPEngine.swift */ = {isa = PBXFileReference; lastKnownFileType = sourcecode.swift; path = TOTPEngine.swift; sourceTree = "<group>"; };
		AA000000000000000000B008 /* Base32Decoder.swift */ = {isa = PBXFileReference; lastKnownFileType = sourcecode.swift; path = Base32Decoder.swift; sourceTree = "<group>"; };
		AA000000000000000000B009 /* AESCryptoManager.swift */ = {isa = PBXFileReference; lastKnownFileType = sourcecode.swift; path = AESCryptoManager.swift; sourceTree = "<group>"; };
		AA000000000000000000B010 /* KeychainManager.swift */ = {isa = PBXFileReference; lastKnownFileType = sourcecode.swift; path = KeychainManager.swift; sourceTree = "<group>"; };
		AA000000000000000000B011 /* DatabaseManager.swift */ = {isa = PBXFileReference; lastKnownFileType = sourcecode.swift; path = DatabaseManager.swift; sourceTree = "<group>"; };
		AA000000000000000000B012 /* ContentView.swift */ = {isa = PBXFileReference; lastKnownFileType = sourcecode.swift; path = ContentView.swift; sourceTree = "<group>"; };
		AA000000000000000000B013 /* MasterPasswordView.swift */ = {isa = PBXFileReference; lastKnownFileType = sourcecode.swift; path = MasterPasswordView.swift; sourceTree = "<group>"; };
		AA000000000000000000B014 /* TOTPListView.swift */ = {isa = PBXFileReference; lastKnownFileType = sourcecode.swift; path = TOTPListView.swift; sourceTree = "<group>"; };
		AA000000000000000000B015 /* TOTPRowView.swift */ = {isa = PBXFileReference; lastKnownFileType = sourcecode.swift; path = TOTPRowView.swift; sourceTree = "<group>"; };
		AA000000000000000000B016 /* AddEntryView.swift */ = {isa = PBXFileReference; lastKnownFileType = sourcecode.swift; path = AddEntryView.swift; sourceTree = "<group>"; };
		AA000000000000000000B017 /* EditEntryView.swift */ = {isa = PBXFileReference; lastKnownFileType = sourcecode.swift; path = EditEntryView.swift; sourceTree = "<group>"; };
		AA000000000000000000B018 /* SettingsView.swift */ = {isa = PBXFileReference; lastKnownFileType = sourcecode.swift; path = SettingsView.swift; sourceTree = "<group>"; };
		AA000000000000000000B019 /* ExportImportView.swift */ = {isa = PBXFileReference; lastKnownFileType = sourcecode.swift; path = ExportImportView.swift; sourceTree = "<group>"; };
		AA000000000000000000B020 /* TOTPEngineTests.swift */ = {isa = PBXFileReference; lastKnownFileType = sourcecode.swift; path = TOTPEngineTests.swift; sourceTree = "<group>"; };
		AA000000000000000000B021 /* AESCryptoTests.swift */ = {isa = PBXFileReference; lastKnownFileType = sourcecode.swift; path = AESCryptoTests.swift; sourceTree = "<group>"; };
		AA000000000000000000B022 /* MasterKeyChangeTests.swift */ = {isa = PBXFileReference; lastKnownFileType = sourcecode.swift; path = MasterKeyChangeTests.swift; sourceTree = "<group>"; };
		AA000000000000000000B030 /* Security.framework */ = {isa = PBXFileReference; lastKnownFileType = wrapper.framework; name = Security.framework; path = System/Library/Frameworks/Security.framework; sourceTree = SDKROOT; };
/* End PBXFileReference section */

/* Begin PBXFrameworksBuildPhase section */
		AA000000000000000000A041 /* Frameworks */ = {
			isa = PBXFrameworksBuildPhase;
			buildActionMask = 2147483647;
			files = (
				AA000000000000000000C018 /* Security.framework in Frameworks */,
			);
			runOnlyForDeploymentPostprocessing = 0;
		};
		AA000000000000000000A044 /* Frameworks */ = {
			isa = PBXFrameworksBuildPhase;
			buildActionMask = 2147483647;
			files = (
			);
			runOnlyForDeploymentPostprocessing = 0;
		};
/* End PBXFrameworksBuildPhase section */

/* Begin PBXGroup section */
		AA000000000000000000A002 /* MainGroup */ = {
			isa = PBXGroup;
			children = (
				AA000000000000000000A005 /* macOS-Authenticator */,
				AA000000000000000000A012 /* macOS-AuthenticatorTests */,
				AA000000000000000000A004 /* Frameworks */,
				AA000000000000000000A003 /* Products */,
			);
			sourceTree = "<group>";
		};
		AA000000000000000000A005 /* macOS-Authenticator */ = {
			isa = PBXGroup;
			children = (
				AA000000000000000000B004 /* macOS_AuthenticatorApp.swift */,
				AA000000000000000000B005 /* AppState.swift */,
				AA000000000000000000B001 /* Info.plist */,
				AA000000000000000000B002 /* macOS-Authenticator.entitlements */,
				AA000000000000000000B003 /* Assets.xcassets */,
				AA000000000000000000A006 /* Models */,
				AA000000000000000000A007 /* TOTP */,
				AA000000000000000000A008 /* Crypto */,
				AA000000000000000000A009 /* Keychain */,
				AA000000000000000000A010 /* Database */,
				AA000000000000000000A011 /* Views */,
			);
			path = "macOS-Authenticator";
			sourceTree = "<group>";
		};
		AA000000000000000000A006 /* Models */ = {
			isa = PBXGroup;
			children = (
				AA000000000000000000B006 /* TOTPEntry.swift */,
			);
			path = Models;
			sourceTree = "<group>";
		};
		AA000000000000000000A007 /* TOTP */ = {
			isa = PBXGroup;
			children = (
				AA000000000000000000B007 /* TOTPEngine.swift */,
				AA000000000000000000B008 /* Base32Decoder.swift */,
			);
			path = TOTP;
			sourceTree = "<group>";
		};
		AA000000000000000000A008 /* Crypto */ = {
			isa = PBXGroup;
			children = (
				AA000000000000000000B009 /* AESCryptoManager.swift */,
			);
			path = Crypto;
			sourceTree = "<group>";
		};
		AA000000000000000000A009 /* Keychain */ = {
			isa = PBXGroup;
			children = (
				AA000000000000000000B010 /* KeychainManager.swift */,
			);
			path = Keychain;
			sourceTree = "<group>";
		};
		AA000000000000000000A010 /* Database */ = {
			isa = PBXGroup;
			children = (
				AA000000000000000000B011 /* DatabaseManager.swift */,
			);
			path = Database;
			sourceTree = "<group>";
		};
		AA000000000000000000A011 /* Views */ = {
			isa = PBXGroup;
			children = (
				AA000000000000000000B012 /* ContentView.swift */,
				AA000000000000000000B013 /* MasterPasswordView.swift */,
				AA000000000000000000B014 /* TOTPListView.swift */,
				AA000000000000000000B015 /* TOTPRowView.swift */,
				AA000000000000000000B016 /* AddEntryView.swift */,
				AA000000000000000000B017 /* EditEntryView.swift */,
				AA000000000000000000B018 /* SettingsView.swift */,
				AA000000000000000000B019 /* ExportImportView.swift */,
			);
			path = Views;
			sourceTree = "<group>";
		};
		AA000000000000000000A012 /* macOS-AuthenticatorTests */ = {
			isa = PBXGroup;
			children = (
				AA000000000000000000B020 /* TOTPEngineTests.swift */,
				AA000000000000000000B021 /* AESCryptoTests.swift */,
				AA000000000000000000B022 /* MasterKeyChangeTests.swift */,
			);
			path = "macOS-AuthenticatorTests";
			sourceTree = "<group>";
		};
		AA000000000000000000A004 /* Frameworks */ = {
			isa = PBXGroup;
			children = (
				AA000000000000000000B030 /* Security.framework */,
			);
			name = Frameworks;
			sourceTree = "<group>";
		};
		AA000000000000000000A003 /* Products */ = {
			isa = PBXGroup;
			children = (
				AA000000000000000000A030 /* macOS-Authenticator.app */,
				AA000000000000000000A031 /* macOS-AuthenticatorTests.xctest */,
			);
			name = Products;
			sourceTree = "<group>";
		};
/* End PBXGroup section */

/* Begin PBXNativeTarget section */
		AA000000000000000000A020 /* macOS-Authenticator */ = {
			isa = PBXNativeTarget;
			buildConfigurationList = AA000000000000000000A051 /* Build configuration list for PBXNativeTarget "macOS-Authenticator" */;
			buildPhases = (
				AA000000000000000000A040 /* Sources */,
				AA000000000000000000A041 /* Frameworks */,
				AA000000000000000000A042 /* Resources */,
			);
			buildRules = (
			);
			dependencies = (
			);
			name = "macOS-Authenticator";
			productName = "macOS-Authenticator";
			productReference = AA000000000000000000A030 /* macOS-Authenticator.app */;
			productType = "com.apple.product-type.application";
		};
		AA000000000000000000A021 /* macOS-AuthenticatorTests */ = {
			isa = PBXNativeTarget;
			buildConfigurationList = AA000000000000000000A052 /* Build configuration list for PBXNativeTarget "macOS-AuthenticatorTests" */;
			buildPhases = (
				AA000000000000000000A043 /* Sources */,
				AA000000000000000000A044 /* Frameworks */,
			);
			buildRules = (
			);
			dependencies = (
				AA000000000000000000A061 /* PBXTargetDependency */,
			);
			name = "macOS-AuthenticatorTests";
			productName = "macOS-AuthenticatorTests";
			productReference = AA000000000000000000A031 /* macOS-AuthenticatorTests.xctest */;
			productType = "com.apple.product-type.bundle.unit-test";
		};
/* End PBXNativeTarget section */

/* Begin PBXProject section */
		AA000000000000000000A001 /* Project object */ = {
			isa = PBXProject;
			attributes = {
				BuildIndependentTargetsInParallel = 1;
				LastSwiftUpdateCheck = 1530;
				LastUpgradeCheck = 1530;
				TargetAttributes = {
					AA000000000000000000A020 = {
						CreatedOnToolsVersion = 15.3;
					};
					AA000000000000000000A021 = {
						CreatedOnToolsVersion = 15.3;
						TestTargetID = AA000000000000000000A020;
					};
				};
			};
			buildConfigurationList = AA000000000000000000A050 /* Build configuration list for PBXProject "macOS-Authenticator" */;
			compatibilityVersion = "Xcode 14.0";
			developmentRegion = en;
			hasScannedForEncodings = 0;
			knownRegions = (
				en,
				Base,
			);
			mainGroup = AA000000000000000000A002;
			productRefGroup = AA000000000000000000A003 /* Products */;
			projectDirPath = "";
			projectRoot = "";
			targets = (
				AA000000000000000000A020 /* macOS-Authenticator */,
				AA000000000000000000A021 /* macOS-AuthenticatorTests */,
			);
		};
/* End PBXProject section */

/* Begin PBXResourcesBuildPhase section */
		AA000000000000000000A042 /* Resources */ = {
			isa = PBXResourcesBuildPhase;
			buildActionMask = 2147483647;
			files = (
				AA000000000000000000C017 /* Assets.xcassets in Resources */,
			);
			runOnlyForDeploymentPostprocessing = 0;
		};
/* End PBXResourcesBuildPhase section */

/* Begin PBXSourcesBuildPhase section */
		AA000000000000000000A040 /* Sources */ = {
			isa = PBXSourcesBuildPhase;
			buildActionMask = 2147483647;
			files = (
				AA000000000000000000C001 /* macOS_AuthenticatorApp.swift in Sources */,
				AA000000000000000000C002 /* AppState.swift in Sources */,
				AA000000000000000000C003 /* TOTPEntry.swift in Sources */,
				AA000000000000000000C004 /* TOTPEngine.swift in Sources */,
				AA000000000000000000C005 /* Base32Decoder.swift in Sources */,
				AA000000000000000000C006 /* AESCryptoManager.swift in Sources */,
				AA000000000000000000C007 /* KeychainManager.swift in Sources */,
				AA000000000000000000C008 /* DatabaseManager.swift in Sources */,
				AA000000000000000000C009 /* ContentView.swift in Sources */,
				AA000000000000000000C010 /* MasterPasswordView.swift in Sources */,
				AA000000000000000000C011 /* TOTPListView.swift in Sources */,
				AA000000000000000000C012 /* TOTPRowView.swift in Sources */,
				AA000000000000000000C013 /* AddEntryView.swift in Sources */,
				AA000000000000000000C014 /* EditEntryView.swift in Sources */,
				AA000000000000000000C015 /* SettingsView.swift in Sources */,
				AA000000000000000000C016 /* ExportImportView.swift in Sources */,
			);
			runOnlyForDeploymentPostprocessing = 0;
		};
		AA000000000000000000A043 /* Sources */ = {
			isa = PBXSourcesBuildPhase;
			buildActionMask = 2147483647;
			files = (
				AA000000000000000000D001 /* TOTPEngineTests.swift in Sources */,
				AA000000000000000000D002 /* AESCryptoTests.swift in Sources */,
				AA000000000000000000D003 /* MasterKeyChangeTests.swift in Sources */,
			);
			runOnlyForDeploymentPostprocessing = 0;
		};
/* End PBXSourcesBuildPhase section */

/* Begin PBXTargetDependency section */
		AA000000000000000000A061 /* PBXTargetDependency */ = {
			isa = PBXTargetDependency;
			target = AA000000000000000000A020 /* macOS-Authenticator */;
			targetProxy = AA000000000000000000A060 /* PBXContainerItemProxy */;
		};
/* End PBXTargetDependency section */

/* Begin XCBuildConfiguration section */
		AA000000000000000000A053 /* Debug */ = {
			isa = XCBuildConfiguration;
			buildSettings = {
				ALWAYS_SEARCH_USER_PATHS = NO;
				CLANG_ANALYZER_NONNULL = YES;
				CLANG_ENABLE_MODULES = YES;
				CLANG_ENABLE_OBJC_ARC = YES;
				COPY_PHASE_STRIP = NO;
				DEBUG_INFORMATION_FORMAT = dwarf;
				ENABLE_STRICT_OBJC_MSGSEND = YES;
				ENABLE_TESTABILITY = YES;
				GCC_C_LANGUAGE_STANDARD = gnu17;
				GCC_DYNAMIC_NO_PIC = NO;
				GCC_NO_COMMON_BLOCKS = YES;
				GCC_OPTIMIZATION_LEVEL = 0;
				GCC_PREPROCESSOR_DEFINITIONS = ("DEBUG=1", "$(inherited)",);
				GCC_WARN_ABOUT_RETURN_TYPE = YES_ERROR;
				GCC_WARN_UNUSED_VARIABLE = YES;
				MACOSX_DEPLOYMENT_TARGET = 14.0;
				ONLY_ACTIVE_ARCH = YES;
				SDKROOT = macosx;
				SWIFT_ACTIVE_COMPILATION_CONDITIONS = DEBUG;
				SWIFT_OPTIMIZATION_LEVEL = "-Onone";
			};
			name = Debug;
		};
		AA000000000000000000A054 /* Release */ = {
			isa = XCBuildConfiguration;
			buildSettings = {
				ALWAYS_SEARCH_USER_PATHS = NO;
				CLANG_ANALYZER_NONNULL = YES;
				CLANG_ENABLE_MODULES = YES;
				CLANG_ENABLE_OBJC_ARC = YES;
				COPY_PHASE_STRIP = NO;
				DEBUG_INFORMATION_FORMAT = "dwarf-with-dsym";
				ENABLE_NS_ASSERTIONS = NO;
				ENABLE_STRICT_OBJC_MSGSEND = YES;
				GCC_C_LANGUAGE_STANDARD = gnu17;
				GCC_NO_COMMON_BLOCKS = YES;
				GCC_WARN_ABOUT_RETURN_TYPE = YES_ERROR;
				GCC_WARN_UNUSED_VARIABLE = YES;
				MACOSX_DEPLOYMENT_TARGET = 14.0;
				SDKROOT = macosx;
				SWIFT_COMPILATION_MODE = wholemodule;
				SWIFT_OPTIMIZATION_LEVEL = "-O";
			};
			name = Release;
		};
		AA000000000000000000A055 /* Debug */ = {
			isa = XCBuildConfiguration;
			buildSettings = {
				ASSETCATALOG_COMPILER_APPICON_NAME = AppIcon;
				ASSETCATALOG_COMPILER_GLOBAL_ACCENT_COLOR_NAME = AccentColor;
				CODE_SIGN_ENTITLEMENTS = "macOS-Authenticator/macOS-Authenticator.entitlements";
				CODE_SIGN_IDENTITY = "";
				CODE_SIGN_STYLE = Manual;
				COMBINE_HIDPI_IMAGES = YES;
				CURRENT_PROJECT_VERSION = 1;
				DEVELOPMENT_TEAM = "";
				ENABLE_HARDENED_RUNTIME = NO;
				GENERATE_INFOPLIST_FILE = NO;
				INFOPLIST_FILE = "macOS-Authenticator/Info.plist";
				LD_RUNPATH_SEARCH_PATHS = ("$(inherited)", "@executable_path/../Frameworks",);
				MACOSX_DEPLOYMENT_TARGET = 14.0;
				MARKETING_VERSION = 1.0.0;
				OTHER_LDFLAGS = ("$(inherited)", "-lsqlite3",);
				PRODUCT_BUNDLE_IDENTIFIER = "com.desmg.nacos.authenticator";
				PRODUCT_NAME = "$(TARGET_NAME)";
				PROVISIONING_PROFILE_SPECIFIER = "";
				SWIFT_EMIT_LOC_STRINGS = YES;
				SWIFT_VERSION = 5.0;
			};
			name = Debug;
		};
		AA000000000000000000A056 /* Release */ = {
			isa = XCBuildConfiguration;
			buildSettings = {
				ASSETCATALOG_COMPILER_APPICON_NAME = AppIcon;
				ASSETCATALOG_COMPILER_GLOBAL_ACCENT_COLOR_NAME = AccentColor;
				CODE_SIGN_ENTITLEMENTS = "macOS-Authenticator/macOS-Authenticator.entitlements";
				CODE_SIGN_IDENTITY = "";
				CODE_SIGN_STYLE = Manual;
				COMBINE_HIDPI_IMAGES = YES;
				CURRENT_PROJECT_VERSION = 1;
				DEVELOPMENT_TEAM = "";
				ENABLE_HARDENED_RUNTIME = NO;
				GENERATE_INFOPLIST_FILE = NO;
				INFOPLIST_FILE = "macOS-Authenticator/Info.plist";
				LD_RUNPATH_SEARCH_PATHS = ("$(inherited)", "@executable_path/../Frameworks",);
				MACOSX_DEPLOYMENT_TARGET = 14.0;
				MARKETING_VERSION = 1.0.0;
				OTHER_LDFLAGS = ("$(inherited)", "-lsqlite3",);
				PRODUCT_BUNDLE_IDENTIFIER = "com.desmg.nacos.authenticator";
				PRODUCT_NAME = "$(TARGET_NAME)";
				PROVISIONING_PROFILE_SPECIFIER = "";
				SWIFT_EMIT_LOC_STRINGS = YES;
				SWIFT_VERSION = 5.0;
			};
			name = Release;
		};
		AA000000000000000000A057 /* Debug */ = {
			isa = XCBuildConfiguration;
			buildSettings = {
				BUNDLE_LOADER = "$(BUILT_PRODUCTS_DIR)/macOS-Authenticator.app/Contents/MacOS/macOS-Authenticator";
				CODE_SIGN_IDENTITY = "";
				CODE_SIGN_STYLE = Manual;
				CURRENT_PROJECT_VERSION = 1;
				DEVELOPMENT_TEAM = "";
				GENERATE_INFOPLIST_FILE = YES;
				MACOSX_DEPLOYMENT_TARGET = 14.0;
				MARKETING_VERSION = 1.0.0;
				PRODUCT_BUNDLE_IDENTIFIER = "com.desmg.nacos.authenticator.tests";
				PRODUCT_NAME = "$(TARGET_NAME)";
				PROVISIONING_PROFILE_SPECIFIER = "";
				SWIFT_VERSION = 5.0;
				TEST_HOST = "$(BUNDLE_LOADER)";
			};
			name = Debug;
		};
		AA000000000000000000A058 /* Release */ = {
			isa = XCBuildConfiguration;
			buildSettings = {
				BUNDLE_LOADER = "$(BUILT_PRODUCTS_DIR)/macOS-Authenticator.app/Contents/MacOS/macOS-Authenticator";
				CODE_SIGN_IDENTITY = "";
				CODE_SIGN_STYLE = Manual;
				CURRENT_PROJECT_VERSION = 1;
				DEVELOPMENT_TEAM = "";
				GENERATE_INFOPLIST_FILE = YES;
				MACOSX_DEPLOYMENT_TARGET = 14.0;
				MARKETING_VERSION = 1.0.0;
				PRODUCT_BUNDLE_IDENTIFIER = "com.desmg.nacos.authenticator.tests";
				PRODUCT_NAME = "$(TARGET_NAME)";
				PROVISIONING_PROFILE_SPECIFIER = "";
				SWIFT_VERSION = 5.0;
				TEST_HOST = "$(BUNDLE_LOADER)";
			};
			name = Release;
		};
/* End XCBuildConfiguration section */

/* Begin XCConfigurationList section */
		AA000000000000000000A050 /* Build configuration list for PBXProject "macOS-Authenticator" */ = {
			isa = XCConfigurationList;
			buildConfigurations = (
				AA000000000000000000A053 /* Debug */,
				AA000000000000000000A054 /* Release */,
			);
			defaultConfigurationIsVisible = 0;
			defaultConfigurationName = Release;
		};
		AA000000000000000000A051 /* Build configuration list for PBXNativeTarget "macOS-Authenticator" */ = {
			isa = XCConfigurationList;
			buildConfigurations = (
				AA000000000000000000A055 /* Debug */,
				AA000000000000000000A056 /* Release */,
			);
			defaultConfigurationIsVisible = 0;
			defaultConfigurationName = Release;
		};
		AA000000000000000000A052 /* Build configuration list for PBXNativeTarget "macOS-AuthenticatorTests" */ = {
			isa = XCConfigurationList;
			buildConfigurations = (
				AA000000000000000000A057 /* Debug */,
				AA000000000000000000A058 /* Release */,
			);
			defaultConfigurationIsVisible = 0;
			defaultConfigurationName = Release;
		};
/* End XCConfigurationList section */

	};
	rootObject = AA000000000000000000A001 /* Project object */;
}
